
Microsoft Visual Studio Solution File, Format Version 12.00
# Visual Studio Version 16
VisualStudioVersion = 16.0.31220.234
MinimumVisualStudioVersion = 10.0.40219.1
Project("{FAE04EC0-301F-11D3-BF4B-00C04F79EFBC}") = "JwtAuthentication", "JwtAuthentication\JwtAuthentication.csproj", "{FE67E191-D175-47F1-86A4-1C719B1AE89A}"
EndProject
Global
	GlobalSection(SolutionConfigurationPlatforms) = preSolution
		Debug|Any CPU = Debug|Any CPU
		Release|Any CPU = Release|Any CPU
	EndGlobalSection
	GlobalSection(ProjectConfigurationPlatforms) = postSolution
		{FE67E191-D175-47F1-86A4-1C719B1AE89A}.Debug|Any CPU.ActiveCfg = Debug|Any CPU
		{FE67E191-D175-47F1-86A4-1C719B1AE89A}.Debug|Any CPU.Build.0 = Debug|Any CPU
		{FE67E191-D175-47F1-86A4-1C719B1AE89A}.Release|Any CPU.ActiveCfg = Release|Any CPU
		{FE67E191-D175-47F1-86A4-1C719B1AE89A}.Release|Any CPU.Build.0 = Release|Any CPU
	EndGlobalSection
	GlobalSection(SolutionProperties) = preSolution
		HideSolutionNode = FALSE
	EndGlobalSection
	GlobalSection(ExtensibilityGlobals) = postSolution
		SolutionGuid = {0697F03B-3F30-4049-91DB-71016D21F09B}
	EndGlobalSection
EndGlobal
